PODS:
  - desktop_webview_window (0.0.1):
    - FlutterMacOS
  - flutter_meedu_videoplayer (0.0.1):
    - FlutterMacOS
  - flutter_web_auth_2 (1.1.1):
    - FlutterMacOS
  - FlutterMacOS (1.0.0)
  - FMDB (2.7.5):
    - FMDB/standard (= 2.7.5)
  - FMDB/standard (2.7.5)
  - isar_flutter_libs (1.0.0):
    - FlutterMacOS
  - media_kit_libs_macos_video (1.0.4):
    - FlutterMacOS
  - media_kit_native_event_loop (1.0.0):
    - FlutterMacOS
  - media_kit_video (0.0.1):
    - FlutterMacOS
  - package_info_plus (0.0.1):
    - FlutterMacOS
  - path_provider_foundation (0.0.1):
    - Flutter
    - FlutterMacOS
  - screen_brightness_macos (0.1.0):
    - FlutterMacOS
  - screen_retriever (0.0.1):
    - FlutterMacOS
  - share_plus (0.0.1):
    - FlutterMacOS
  - shared_preferences_foundation (0.0.1):
    - Flutter
    - FlutterMacOS
  - sqflite (0.0.2):
    - FlutterMacOS
    - FMDB (>= 2.7.5)
  - url_launcher_macos (0.0.1):
    - FlutterMacOS
  - wakelock_plus (0.0.1):
    - FlutterMacOS
  - window_manager (0.2.0):
    - FlutterMacOS
  - window_to_front (0.0.1):
    - FlutterMacOS

DEPENDENCIES:
  - desktop_webview_window (from `Flutter/ephemeral/.symlinks/plugins/desktop_webview_window/macos`)
  - flutter_meedu_videoplayer (from `Flutter/ephemeral/.symlinks/plugins/flutter_meedu_videoplayer/macos`)
  - flutter_web_auth_2 (from `Flutter/ephemeral/.symlinks/plugins/flutter_web_auth_2/macos`)
  - FlutterMacOS (from `Flutter/ephemeral`)
  - isar_flutter_libs (from `Flutter/ephemeral/.symlinks/plugins/isar_flutter_libs/macos`)
  - media_kit_libs_macos_video (from `Flutter/ephemeral/.symlinks/plugins/media_kit_libs_macos_video/macos`)
  - media_kit_native_event_loop (from `Flutter/ephemeral/.symlinks/plugins/media_kit_native_event_loop/macos`)
  - media_kit_video (from `Flutter/ephemeral/.symlinks/plugins/media_kit_video/macos`)
  - package_info_plus (from `Flutter/ephemeral/.symlinks/plugins/package_info_plus/macos`)
  - path_provider_foundation (from `Flutter/ephemeral/.symlinks/plugins/path_provider_foundation/darwin`)
  - screen_brightness_macos (from `Flutter/ephemeral/.symlinks/plugins/screen_brightness_macos/macos`)
  - screen_retriever (from `Flutter/ephemeral/.symlinks/plugins/screen_retriever/macos`)
  - share_plus (from `Flutter/ephemeral/.symlinks/plugins/share_plus/macos`)
  - shared_preferences_foundation (from `Flutter/ephemeral/.symlinks/plugins/shared_preferences_foundation/darwin`)
  - sqflite (from `Flutter/ephemeral/.symlinks/plugins/sqflite/macos`)
  - url_launcher_macos (from `Flutter/ephemeral/.symlinks/plugins/url_launcher_macos/macos`)
  - wakelock_plus (from `Flutter/ephemeral/.symlinks/plugins/wakelock_plus/macos`)
  - window_manager (from `Flutter/ephemeral/.symlinks/plugins/window_manager/macos`)
  - window_to_front (from `Flutter/ephemeral/.symlinks/plugins/window_to_front/macos`)

SPEC REPOS:
  trunk:
    - FMDB

EXTERNAL SOURCES:
  desktop_webview_window:
    :path: Flutter/ephemeral/.symlinks/plugins/desktop_webview_window/macos
  flutter_meedu_videoplayer:
    :path: Flutter/ephemeral/.symlinks/plugins/flutter_meedu_videoplayer/macos
  flutter_web_auth_2:
    :path: Flutter/ephemeral/.symlinks/plugins/flutter_web_auth_2/macos
  FlutterMacOS:
    :path: Flutter/ephemeral
  isar_flutter_libs:
    :path: Flutter/ephemeral/.symlinks/plugins/isar_flutter_libs/macos
  media_kit_libs_macos_video:
    :path: Flutter/ephemeral/.symlinks/plugins/media_kit_libs_macos_video/macos
  media_kit_native_event_loop:
    :path: Flutter/ephemeral/.symlinks/plugins/media_kit_native_event_loop/macos
  media_kit_video:
    :path: Flutter/ephemeral/.symlinks/plugins/media_kit_video/macos
  package_info_plus:
    :path: Flutter/ephemeral/.symlinks/plugins/package_info_plus/macos
  path_provider_foundation:
    :path: Flutter/ephemeral/.symlinks/plugins/path_provider_foundation/darwin
  screen_brightness_macos:
    :path: Flutter/ephemeral/.symlinks/plugins/screen_brightness_macos/macos
  screen_retriever:
    :path: Flutter/ephemeral/.symlinks/plugins/screen_retriever/macos
  share_plus:
    :path: Flutter/ephemeral/.symlinks/plugins/share_plus/macos
  shared_preferences_foundation:
    :path: Flutter/ephemeral/.symlinks/plugins/shared_preferences_foundation/darwin
  sqflite:
    :path: Flutter/ephemeral/.symlinks/plugins/sqflite/macos
  url_launcher_macos:
    :path: Flutter/ephemeral/.symlinks/plugins/url_launcher_macos/macos
  wakelock_plus:
    :path: Flutter/ephemeral/.symlinks/plugins/wakelock_plus/macos
  window_manager:
    :path: Flutter/ephemeral/.symlinks/plugins/window_manager/macos
  window_to_front:
    :path: Flutter/ephemeral/.symlinks/plugins/window_to_front/macos

SPEC CHECKSUMS:
  desktop_webview_window: d4365e71bcd4e1aa0c14cf0377aa24db0c16a7e2
  flutter_meedu_videoplayer: fceb30a833044aaf6410c5da53c3d61ab3d6abbb
  flutter_web_auth_2: 6695649132b6c71ea17700703761c0d18fdb8cf6
  FlutterMacOS: 8f6f14fa908a6fb3fba0cd85dbd81ec4b251fb24
  FMDB: 2ce00b547f966261cd18927a3ddb07cb6f3db82a
  isar_flutter_libs: 43385c99864c168fadba7c9adeddc5d38838ca6a
  media_kit_libs_macos_video: b3e2bbec2eef97c285f2b1baa7963c67c753fb82
  media_kit_native_event_loop: 81fd5b45192b72f8b5b69eaf5b540f45777eb8d5
  media_kit_video: c75b07f14d59706c775778e4dd47dd027de8d1e5
  package_info_plus: 02d7a575e80f194102bef286361c6c326e4c29ce
  path_provider_foundation: 29f094ae23ebbca9d3d0cec13889cd9060c0e943
  screen_brightness_macos: 2d6d3af2165592d9a55ffcd95b7550970e41ebda
  screen_retriever: 59634572a57080243dd1bf715e55b6c54f241a38
  share_plus: 76dd39142738f7a68dd57b05093b5e8193f220f7
  shared_preferences_foundation: 5b919d13b803cadd15ed2dc053125c68730e5126
  sqflite: a5789cceda41d54d23f31d6de539d65bb14100ea
  url_launcher_macos: d2691c7dd33ed713bf3544850a623080ec693d95
  wakelock_plus: 4783562c9a43d209c458cb9b30692134af456269
  window_manager: 3a1844359a6295ab1e47659b1a777e36773cd6e8
  window_to_front: 4cdc24ddd8461ad1a55fa06286d6a79d8b29e8d8

PODFILE CHECKSUM: 9ebaf0ce3d369aaa26a9ea0e159195ed94724cf3

COCOAPODS: 1.12.1
