PODS:
  - audio_session (0.0.1):
    - Flutter
  - DKImagePickerController/Core (4.3.4):
    - DKImagePickerController/ImageDataManager
    - DKImagePickerController/Resource
  - DKImagePickerController/ImageDataManager (4.3.4)
  - DKImagePickerController/PhotoGallery (4.3.4):
    - DKImagePickerController/Core
    - DKPhotoGallery
  - DKImagePickerController/Resource (4.3.4)
  - DKPhotoGallery (0.0.17):
    - DKPhotoGallery/Core (= 0.0.17)
    - DKPhotoGallery/Model (= 0.0.17)
    - DKPhotoGallery/Preview (= 0.0.17)
    - DKPhotoGallery/Resource (= 0.0.17)
    - SDWebImage
    - SwiftyGif
  - DKPhotoGallery/Core (0.0.17):
    - DKPhotoGallery/Model
    - DKPhotoGallery/Preview
    - SDWebImage
    - SwiftyGif
  - DKPhotoGallery/Model (0.0.17):
    - SDWebImage
    - SwiftyGif
  - DKPhotoGallery/Preview (0.0.17):
    - DKPhotoGallery/Model
    - DKPhotoGallery/Resource
    - SDWebImage
    - SwiftyGif
  - DKPhotoGallery/Resource (0.0.17):
    - SDWebImage
    - SwiftyGif
  - file_picker (0.0.1):
    - DKImagePickerController/PhotoGallery
    - Flutter
  - Flutter (1.0.0)
  - flutter_inappwebview_ios (0.0.1):
    - Flutter
    - flutter_inappwebview_ios/Core (= 0.0.1)
    - OrderedSet (~> 6.0.3)
  - flutter_inappwebview_ios/Core (0.0.1):
    - Flutter
    - OrderedSet (~> 6.0.3)
  - flutter_qjs (0.0.1):
    - Flutter
  - flutter_web_auth_2 (3.0.0):
    - Flutter
  - isar_flutter_libs (1.0.0):
    - Flutter
  - just_audio (0.0.1):
    - Flutter
  - media_kit_libs_ios_video (1.0.4):
    - Flutter
  - media_kit_native_event_loop (1.0.0):
    - Flutter
  - media_kit_video (0.0.1):
    - Flutter
  - OrderedSet (6.0.3)
  - package_info_plus (0.4.5):
    - Flutter
  - path_provider_foundation (0.0.1):
    - Flutter
    - FlutterMacOS
  - permission_handler_apple (9.3.0):
    - Flutter
  - rust_lib_mangayomi (0.0.1):
    - Flutter
  - screen_brightness_ios (0.1.0):
    - Flutter
  - SDWebImage (5.17.0):
    - SDWebImage/Core (= 5.17.0)
  - SDWebImage/Core (5.17.0)
  - share_plus (0.0.1):
    - Flutter
  - sqflite_darwin (0.0.4):
    - Flutter
    - FlutterMacOS
  - SwiftyGif (5.4.4)
  - url_launcher_ios (0.0.1):
    - Flutter
  - video_player_avfoundation (0.0.1):
    - Flutter
    - FlutterMacOS
  - volume_controller (0.0.1):
    - Flutter
  - wakelock_plus (0.0.1):
    - Flutter
  - webview_flutter_wkwebview (0.0.1):
    - Flutter
    - FlutterMacOS

DEPENDENCIES:
  - audio_session (from `.symlinks/plugins/audio_session/ios`)
  - file_picker (from `.symlinks/plugins/file_picker/ios`)
  - Flutter (from `Flutter`)
  - flutter_inappwebview_ios (from `.symlinks/plugins/flutter_inappwebview_ios/ios`)
  - flutter_qjs (from `.symlinks/plugins/flutter_qjs/ios`)
  - flutter_web_auth_2 (from `.symlinks/plugins/flutter_web_auth_2/ios`)
  - isar_flutter_libs (from `.symlinks/plugins/isar_flutter_libs/ios`)
  - just_audio (from `.symlinks/plugins/just_audio/ios`)
  - media_kit_libs_ios_video (from `.symlinks/plugins/media_kit_libs_ios_video/ios`)
  - media_kit_native_event_loop (from `.symlinks/plugins/media_kit_native_event_loop/ios`)
  - media_kit_video (from `.symlinks/plugins/media_kit_video/ios`)
  - package_info_plus (from `.symlinks/plugins/package_info_plus/ios`)
  - path_provider_foundation (from `.symlinks/plugins/path_provider_foundation/darwin`)
  - permission_handler_apple (from `.symlinks/plugins/permission_handler_apple/ios`)
  - rust_lib_mangayomi (from `.symlinks/plugins/rust_lib_mangayomi/ios`)
  - screen_brightness_ios (from `.symlinks/plugins/screen_brightness_ios/ios`)
  - share_plus (from `.symlinks/plugins/share_plus/ios`)
  - sqflite_darwin (from `.symlinks/plugins/sqflite_darwin/darwin`)
  - url_launcher_ios (from `.symlinks/plugins/url_launcher_ios/ios`)
  - video_player_avfoundation (from `.symlinks/plugins/video_player_avfoundation/darwin`)
  - volume_controller (from `.symlinks/plugins/volume_controller/ios`)
  - wakelock_plus (from `.symlinks/plugins/wakelock_plus/ios`)
  - webview_flutter_wkwebview (from `.symlinks/plugins/webview_flutter_wkwebview/darwin`)

SPEC REPOS:
  trunk:
    - DKImagePickerController
    - DKPhotoGallery
    - OrderedSet
    - SDWebImage
    - SwiftyGif

EXTERNAL SOURCES:
  audio_session:
    :path: ".symlinks/plugins/audio_session/ios"
  file_picker:
    :path: ".symlinks/plugins/file_picker/ios"
  Flutter:
    :path: Flutter
  flutter_inappwebview_ios:
    :path: ".symlinks/plugins/flutter_inappwebview_ios/ios"
  flutter_qjs:
    :path: ".symlinks/plugins/flutter_qjs/ios"
  flutter_web_auth_2:
    :path: ".symlinks/plugins/flutter_web_auth_2/ios"
  isar_flutter_libs:
    :path: ".symlinks/plugins/isar_flutter_libs/ios"
  just_audio:
    :path: ".symlinks/plugins/just_audio/ios"
  media_kit_libs_ios_video:
    :path: ".symlinks/plugins/media_kit_libs_ios_video/ios"
  media_kit_native_event_loop:
    :path: ".symlinks/plugins/media_kit_native_event_loop/ios"
  media_kit_video:
    :path: ".symlinks/plugins/media_kit_video/ios"
  package_info_plus:
    :path: ".symlinks/plugins/package_info_plus/ios"
  path_provider_foundation:
    :path: ".symlinks/plugins/path_provider_foundation/darwin"
  permission_handler_apple:
    :path: ".symlinks/plugins/permission_handler_apple/ios"
  rust_lib_mangayomi:
    :path: ".symlinks/plugins/rust_lib_mangayomi/ios"
  screen_brightness_ios:
    :path: ".symlinks/plugins/screen_brightness_ios/ios"
  share_plus:
    :path: ".symlinks/plugins/share_plus/ios"
  sqflite_darwin:
    :path: ".symlinks/plugins/sqflite_darwin/darwin"
  url_launcher_ios:
    :path: ".symlinks/plugins/url_launcher_ios/ios"
  video_player_avfoundation:
    :path: ".symlinks/plugins/video_player_avfoundation/darwin"
  volume_controller:
    :path: ".symlinks/plugins/volume_controller/ios"
  wakelock_plus:
    :path: ".symlinks/plugins/wakelock_plus/ios"
  webview_flutter_wkwebview:
    :path: ".symlinks/plugins/webview_flutter_wkwebview/darwin"

SPEC CHECKSUMS:
  audio_session: f08db0697111ac84ba46191b55488c0563bb29c6
  DKImagePickerController: b512c28220a2b8ac7419f21c491fc8534b7601ac
  DKPhotoGallery: fdfad5125a9fdda9cc57df834d49df790dbb4179
  file_picker: 9b3292d7c8bc68c8a7bf8eb78f730e49c8efc517
  Flutter: e0871f40cf51350855a761d2e70bf5af5b9b5de7
  flutter_inappwebview_ios: b89ba3482b96fb25e00c967aae065701b66e9b99
  flutter_qjs: 1d5918f42171154e88dd545dd45f126c0291976f
  flutter_web_auth_2: 3464a7c16dc6480b6194fc89913bae6e82f28405
  isar_flutter_libs: 9fc2cfb928c539e1b76c481ba5d143d556d94920
  just_audio: 6c031bb61297cf218b4462be616638e81c058e97
  media_kit_libs_ios_video: 5a18affdb97d1f5d466dc79988b13eff6c5e2854
  media_kit_native_event_loop: 5fba1a849a6c87a34985f1e178a0de5bd444a0cf
  media_kit_video: 1746e198cb697d1ffb734b1d05ec429d1fcd1474
  OrderedSet: e539b66b644ff081c73a262d24ad552a69be3a94
  package_info_plus: af8e2ca6888548050f16fa2f1938db7b5a5df499
  path_provider_foundation: 080d55be775b7414fd5a5ef3ac137b97b097e564
  permission_handler_apple: 4ed2196e43d0651e8ff7ca3483a069d469701f2d
  rust_lib_mangayomi: 360a904274b47351a0f7c26d3ce5aa6392bb8db3
  screen_brightness_ios: 28c5fbdb40634de44f86025d84470158ad4df48c
  SDWebImage: 750adf017a315a280c60fde706ab1e552a3ae4e9
  share_plus: 50da8cb520a8f0f65671c6c6a99b3617ed10a58a
  sqflite_darwin: 20b2a3a3b70e43edae938624ce550a3cbf66a3d0
  SwiftyGif: 93a1cc87bf3a51916001cf8f3d63835fb64c819f
  url_launcher_ios: 694010445543906933d732453a59da0a173ae33d
  video_player_avfoundation: 2cef49524dd1f16c5300b9cd6efd9611ce03639b
  volume_controller: ca1cde542ee70fad77d388f82e9616488110942b
  wakelock_plus: 04623e3f525556020ebd4034310f20fe7fda8b49
  webview_flutter_wkwebview: 44d4dee7d7056d5ad185d25b38404436d56c547c

PODFILE CHECKSUM: a57f30d18f102dd3ce366b1d62a55ecbef2158e5

COCOAPODS: 1.16.2
